
Microsoft Visual Studio Solution File, Format Version 12.00
# Visual Studio Version 17
VisualStudioVersion = 17.11.35327.3
MinimumVisualStudioVersion = 10.0.40219.1
Project("{FAE04EC0-301F-11D3-BF4B-00C04F79EFBC}") = "HaberPortal", "HaberPortal\HaberPortal.csproj", "{BED87669-1B39-4FDD-925F-E6D5D6F03772}"
EndProject
Global
	GlobalSection(SolutionConfigurationPlatforms) = preSolution
		Debug|Any CPU = Debug|Any CPU
		Release|Any CPU = Release|Any CPU
	EndGlobalSection
	GlobalSection(ProjectConfigurationPlatforms) = postSolution
		{BED87669-1B39-4FDD-925F-E6D5D6F03772}.Debug|Any CPU.ActiveCfg = Debug|Any CPU
		{BED87669-1B39-4FDD-925F-E6D5D6F03772}.Debug|Any CPU.Build.0 = Debug|Any CPU
		{BED87669-1B39-4FDD-925F-E6D5D6F03772}.Release|Any CPU.ActiveCfg = Release|Any CPU
		{BED87669-1B39-4FDD-925F-E6D5D6F03772}.Release|Any CPU.Build.0 = Release|Any CPU
	EndGlobalSection
	GlobalSection(SolutionProperties) = preSolution
		HideSolutionNode = FALSE
	EndGlobalSection
	GlobalSection(ExtensibilityGlobals) = postSolution
		SolutionGuid = {9295F13C-814B-482A-8923-062392EA4429}
	EndGlobalSection
EndGlobal
